
Microsoft Visual Studio Solution File, Format Version 12.00
# Visual Studio Version 18
VisualStudioVersion = 18.6.11822.322 stable
MinimumVisualStudioVersion = 10.0.40219.1
Project("{FAE04EC0-301F-11D3-BF4B-00C04F79EFBC}") = "DynamicCombat", "DynamicCombat.csproj", "{3E68581D-18B4-6035-AA9E-90BD9108E190}"
EndProject
Global
	GlobalSection(SolutionConfigurationPlatforms) = preSolution
		Debug|x64 = Debug|x64
		Release|x64 = Release|x64
	EndGlobalSection
	GlobalSection(ProjectConfigurationPlatforms) = postSolution
		{3E68581D-18B4-6035-AA9E-90BD9108E190}.Debug|x64.ActiveCfg = Debug|x64
		{3E68581D-18B4-6035-AA9E-90BD9108E190}.Debug|x64.Build.0 = Debug|x64
		{3E68581D-18B4-6035-AA9E-90BD9108E190}.Release|x64.ActiveCfg = Release|x64
		{3E68581D-18B4-6035-AA9E-90BD9108E190}.Release|x64.Build.0 = Release|x64
	EndGlobalSection
	GlobalSection(SolutionProperties) = preSolution
		HideSolutionNode = FALSE
	EndGlobalSection
	GlobalSection(ExtensibilityGlobals) = postSolution
		SolutionGuid = {DAB7F2C7-9005-4842-BD2A-547A23E8382A}
	EndGlobalSection
EndGlobal
